
Microsoft Visual Studio Solution File, Format Version 12.00
# Visual Studio 2012
Project("{FAE04EC0-301F-11D3-BF4B-00C04F79EFBC}") = "TagGen", "TagGen\TagGen.csproj", "{ADD64877-A492-48AD-882B-2F9FC8C8C9DB}"
EndProject
Global
	GlobalSection(SolutionConfigurationPlatforms) = preSolution
		Debug|Any CPU = Debug|Any CPU
		Release|Any CPU = Release|Any CPU
	EndGlobalSection
	GlobalSection(ProjectConfigurationPlatforms) = postSolution
		{ADD64877-A492-48AD-882B-2F9FC8C8C9DB}.Debug|Any CPU.ActiveCfg = Debug|Any CPU
		{ADD64877-A492-48AD-882B-2F9FC8C8C9DB}.Debug|Any CPU.Build.0 = Debug|Any CPU
		{ADD64877-A492-48AD-882B-2F9FC8C8C9DB}.Release|Any CPU.ActiveCfg = Release|Any CPU
		{ADD64877-A492-48AD-882B-2F9FC8C8C9DB}.Release|Any CPU.Build.0 = Release|Any CPU
	EndGlobalSection
	GlobalSection(SolutionProperties) = preSolution
		HideSolutionNode = FALSE
	EndGlobalSection
EndGlobal
